// !$*UTF8*$!
{
	archiveVersion = 1;
	classes = {
	};
	objectVersion = 77;
	objects = {

/* Begin PBXContainerItemProxy section */
		68490F462E40ABAB0032F55B /* PBXContainerItemProxy */ = {
			isa = PBXContainerItemProxy;
			containerPortal = 68490F302E40ABA90032F55B /* Project object */;
			proxyType = 1;
			remoteGlobalIDString = 68490F372E40ABA90032F55B;
			remoteInfo = PGEase;
		};
		68490F502E40ABAB0032F55B /* PBXContainerItemProxy */ = {
			isa = PBXContainerItemProxy;
			containerPortal = 68490F302E40ABA90032F55B /* Project object */;
			proxyType = 1;
			remoteGlobalIDString = 68490F372E40ABA90032F55B;
			remoteInfo = PGEase;
		};
/* End PBXContainerItemProxy section */

/* Begin PBXFileReference section */
		68490F382E40ABA90032F55B /* PGEase.app */ = {isa = PBXFileReference; explicitFileType = wrapper.application; includeInIndex = 0; path = PGEase.app; sourceTree = BUILT_PRODUCTS_DIR; };
		68490F452E40ABAB0032F55B /* PGEaseTests.xctest */ = {isa = PBXFileReference; explicitFileType = wrapper.cfbundle; includeInIndex = 0; path = PGEaseTests.xctest; sourceTree = BUILT_PRODUCTS_DIR; };
		68490F4F2E40ABAB0032F55B /* PGEaseUITests.xctest */ = {isa = PBXFileReference; explicitFileType = wrapper.cfbundle; includeInIndex = 0; path = PGEaseUITests.xctest; sourceTree = BUILT_PRODUCTS_DIR; };
/* End PBXFileReference section */

/* Begin PBXFileSystemSynchronizedBuildFileExceptionSet section */
		682DC6392EB5FBBD00C36727 /* Exceptions for "PGEase" folder in "PGEase" target */ = {
			isa = PBXFileSystemSynchronizedBuildFileExceptionSet;
			membershipExceptions = (
				Info.plist,
			);
			target = 68490F372E40ABA90032F55B /* PGEase */;
		};
/* End PBXFileSystemSynchronizedBuildFileExceptionSet section */

/* Begin PBXFileSystemSynchronizedRootGroup section */
		68490F3A2E40ABA90032F55B /* PGEase */ = {
			isa = PBXFileSystemSynchronizedRootGroup;
			exceptions = (
				682DC6392EB5FBBD00C36727 /* Exceptions for "PGEase" folder in "PGEase" target */,
			);
			path = PGEase;
			sourceTree = "<group>";
		};
		68490F482E40ABAB0032F55B /* PGEaseTests */ = {
			isa = PBXFileSystemSynchronizedRootGroup;
			path = PGEaseTests;
			sourceTree = "<group>";
		};
		68490F522E40ABAB0032F55B /* PGEaseUITests */ = {
			isa = PBXFileSystemSynchronizedRootGroup;
			path = PGEaseUITests;
			sourceTree = "<group>";
		};
/* End PBXFileSystemSynchronizedRootGroup section */

/* Begin PBXFrameworksBuildPhase section */
		68490F352E40ABA90032F55B /* Frameworks */ = {
			isa = PBXFrameworksBuildPhase;
			buildActionMask = 2147483647;
			files = (
			);
			runOnlyForDeploymentPostprocessing = 0;
		};
		68490F422E40ABAB0032F55B /* Frameworks */ = {
			isa = PBXFrameworksBuildPhase;
			buildActionMask = 2147483647;
			files = (
			);
			runOnlyForDeploymentPostprocessing = 0;
		};
		68490F4C2E40ABAB0032F55B /* Frameworks */ = {
			isa = PBXFrameworksBuildPhase;
			buildActionMask = 2147483647;
			files = (
			);
			runOnlyForDeploymentPostprocessing = 0;
		};
/* End PBXFrameworksBuildPhase section */

/* Begin PBXGroup section */
		68490F2F2E40ABA90032F55B = {
			isa = PBXGroup;
			children = (
				68490F3A2E40ABA90032F55B /* PGEase */,
				68490F482E40ABAB0032F55B /* PGEaseTests */,
				68490F522E40ABAB0032F55B /* PGEaseUITests */,
				68490F392E40ABA90032F55B /* Products */,
			);
			sourceTree = "<group>";
		};
		68490F392E40ABA90032F55B /* Products */ = {
			isa = PBXGroup;
			children = (
				68490F382E40ABA90032F55B /* PGEase.app */,
				68490F452E40ABAB0032F55B /* PGEaseTests.xctest */,
				68490F4F2E40ABAB0032F55B /* PGEaseUITests.xctest */,
			);
			name = Products;
			sourceTree = "<group>";
		};
/* End PBXGroup section */

/* Begin PBXNativeTarget section */
		68490F372E40ABA90032F55B /* PGEase */ = {
			isa = PBXNativeTarget;
			buildConfigurationList = 68490F592E40ABAB0032F55B /* Build configuration list for PBXNativeTarget "PGEase" */;
			buildPhases = (
				68490F342E40ABA90032F55B /* Sources */,
				68490F352E40ABA90032F55B /* Frameworks */,
				68490F362E40ABA90032F55B /* Resources */,
			);
			buildRules = (
			);
			dependencies = (
			);
			fileSystemSynchronizedGroups = (
				68490F3A2E40ABA90032F55B /* PGEase */,
			);
			name = PGEase;
			packageProductDependencies = (
			);
			productName = PGEase;
			productReference = 68490F382E40ABA90032F55B /* PGEase.app */;
			productType = "com.apple.product-type.application";
		};
		68490F442E40ABAB0032F55B /* PGEaseTests */ = {
			isa = PBXNativeTarget;
			buildConfigurationList = 68490F5C2E40ABAB0032F55B /* Build configuration list for PBXNativeTarget "PGEaseTests" */;
			buildPhases = (
				68490F412E40ABAB0032F55B /* Sources */,
				68490F422E40ABAB0032F55B /* Frameworks */,
				68490F432E40ABAB0032F55B /* Resources */,
			);
			buildRules = (
			);
			dependencies = (
				68490F472E40ABAB0032F55B /* PBXTargetDependency */,
			);
			fileSystemSynchronizedGroups = (
				68490F482E40ABAB0032F55B /* PGEaseTests */,
			);
			name = PGEaseTests;
			packageProductDependencies = (
			);
			productName = PGEaseTests;
			productReference = 68490F452E40ABAB0032F55B /* PGEaseTests.xctest */;
			productType = "com.apple.product-type.bundle.unit-test";
		};
		68490F4E2E40ABAB0032F55B /* PGEaseUITests */ = {
			isa = PBXNativeTarget;
			buildConfigurationList = 68490F5F2E40ABAB0032F55B /* Build configuration list for PBXNativeTarget "PGEaseUITests" */;
			buildPhases = (
				68490F4B2E40ABAB0032F55B /* Sources */,
				68490F4C2E40ABAB0032F55B /* Frameworks */,
				68490F4D2E40ABAB0032F55B /* Resources */,
			);
			buildRules = (
			);
			dependencies = (
				68490F512E40ABAB0032F55B /* PBXTargetDependency */,
			);
			fileSystemSynchronizedGroups = (
				68490F522E40ABAB0032F55B /* PGEaseUITests */,
			);
			name = PGEaseUITests;
			packageProductDependencies = (
			);
			productName = PGEaseUITests;
			productReference = 68490F4F2E40ABAB0032F55B /* PGEaseUITests.xctest */;
			productType = "com.apple.product-type.bundle.ui-testing";
		};
/* End PBXNativeTarget section */

/* Begin PBXProject section */
		68490F302E40ABA90032F55B /* Project object */ = {
			isa = PBXProject;
			attributes = {
				BuildIndependentTargetsInParallel = 1;
				LastSwiftUpdateCheck = 1640;
				LastUpgradeCheck = 1640;
				TargetAttributes = {
					68490F372E40ABA90032F55B = {
						CreatedOnToolsVersion = 16.4;
					};
					68490F442E40ABAB0032F55B = {
						CreatedOnToolsVersion = 16.4;
						TestTargetID = 68490F372E40ABA90032F55B;
					};
					68490F4E2E40ABAB0032F55B = {
						CreatedOnToolsVersion = 16.4;
						TestTargetID = 68490F372E40ABA90032F55B;
					};
				};
			};
			buildConfigurationList = 68490F332E40ABA90032F55B /* Build configuration list for PBXProject "PGEase" */;
			developmentRegion = en;
			hasScannedForEncodings = 0;
			knownRegions = (
				en,
				Base,
			);
			mainGroup = 68490F2F2E40ABA90032F55B;
			minimizedProjectReferenceProxies = 1;
			preferredProjectObjectVersion = 77;
			productRefGroup = 68490F392E40ABA90032F55B /* Products */;
			projectDirPath = "";
			projectRoot = "";
			targets = (
				68490F372E40ABA90032F55B /* PGEase */,
				68490F442E40ABAB0032F55B /* PGEaseTests */,
				68490F4E2E40ABAB0032F55B /* PGEaseUITests */,
			);
		};
/* End PBXProject section */

/* Begin PBXResourcesBuildPhase section */
		68490F362E40ABA90032F55B /* Resources */ = {
			isa = PBXResourcesBuildPhase;
			buildActionMask = 2147483647;
			files = (
			);
			runOnlyForDeploymentPostprocessing = 0;
		};
		68490F432E40ABAB0032F55B /* Resources */ = {
			isa = PBXResourcesBuildPhase;
			buildActionMask = 2147483647;
			files = (
			);
			runOnlyForDeploymentPostprocessing = 0;
		};
		68490F4D2E40ABAB0032F55B /* Resources */ = {
			isa = PBXResourcesBuildPhase;
			buildActionMask = 2147483647;
			files = (
			);
			runOnlyForDeploymentPostprocessing = 0;
		};
/* End PBXResourcesBuildPhase section */

/* Begin PBXSourcesBuildPhase section */
		68490F342E40ABA90032F55B /* Sources */ = {
			isa = PBXSourcesBuildPhase;
			buildActionMask = 2147483647;
			files = (
			);
			runOnlyForDeploymentPostprocessing = 0;
		};
		68490F412E40ABAB0032F55B /* Sources */ = {
			isa = PBXSourcesBuildPhase;
			buildActionMask = 2147483647;
			files = (
			);
			runOnlyForDeploymentPostprocessing = 0;
		};
		68490F4B2E40ABAB0032F55B /* Sources */ = {
			isa = PBXSourcesBuildPhase;
			buildActionMask = 2147483647;
			files = (
			);
			runOnlyForDeploymentPostprocessing = 0;
		};
/* End PBXSourcesBuildPhase section */

/* Begin PBXTargetDependency section */
		68490F472E40ABAB0032F55B /* PBXTargetDependency */ = {
			isa = PBXTargetDependency;
			target = 68490F372E40ABA90032F55B /* PGEase */;
			targetProxy = 68490F462E40ABAB0032F55B /* PBXContainerItemProxy */;
		};
		68490F512E40ABAB0032F55B /* PBXTargetDependency */ = {
			isa = PBXTargetDependency;
			target = 68490F372E40ABA90032F55B /* PGEase */;
			targetProxy = 68490F502E40ABAB0032F55B /* PBXContainerItemProxy */;
		};
/* End PBXTargetDependency section */

/* Begin XCBuildConfiguration section */
		68490F572E40ABAB0032F55B /* Debug */ = {
			isa = XCBuildConfiguration;
			buildSettings = {
				ALWAYS_SEARCH_USER_PATHS = NO;
				ASSETCATALOG_COMPILER_GENERATE_SWIFT_ASSET_SYMBOL_EXTENSIONS = YES;
				CLANG_ANALYZER_NONNULL = YES;
				CLANG_ANALYZER_NUMBER_OBJECT_CONVERSION = YES_AGGRESSIVE;
				CLANG_CXX_LANGUAGE_STANDARD = "gnu++20";
				CLANG_ENABLE_MODULES = YES;
				CLANG_ENABLE_OBJC_ARC = YES;
				CLANG_ENABLE_OBJC_WEAK = YES;
				CLANG_WARN_BLOCK_CAPTURE_AUTORELEASING = YES;
				CLANG_WARN_BOOL_CONVERSION = YES;
				CLANG_WARN_COMMA = YES;
				CLANG_WARN_CONSTANT_CONVERSION = YES;
				CLANG_WARN_DEPRECATED_OBJC_IMPLEMENTATIONS = YES;
				CLANG_WARN_DIRECT_OBJC_ISA_USAGE = YES_ERROR;
				CLANG_WARN_DOCUMENTATION_COMMENTS = YES;
				CLANG_WARN_EMPTY_BODY = YES;
				CLANG_WARN_ENUM_CONVERSION = YES;
				CLANG_WARN_INFINITE_RECURSION = YES;
				CLANG_WARN_INT_CONVERSION = YES;
				CLANG_WARN_NON_LITERAL_NULL_CONVERSION = YES;
				CLANG_WARN_OBJC_IMPLICIT_RETAIN_SELF = YES;
				CLANG_WARN_OBJC_LITERAL_CONVERSION = YES;
				CLANG_WARN_OBJC_ROOT_CLASS = YES_ERROR;
				CLANG_WARN_QUOTED_INCLUDE_IN_FRAMEWORK_HEADER = YES;
				CLANG_WARN_RANGE_LOOP_ANALYSIS = YES;
				CLANG_WARN_STRICT_PROTOTYPES = YES;
				CLANG_WARN_SUSPICIOUS_MOVE = YES;
				CLANG_WARN_UNGUARDED_AVAILABILITY = YES_AGGRESSIVE;
				CLANG_WARN_UNREACHABLE_CODE = YES;
				CLANG_WARN__DUPLICATE_METHOD_MATCH = YES;
				COPY_PHASE_STRIP = NO;
				DEBUG_INFORMATION_FORMAT = dwarf;
				ENABLE_STRICT_OBJC_MSGSEND = YES;
				ENABLE_TESTABILITY = YES;
				ENABLE_USER_SCRIPT_SANDBOXING = YES;
				GCC_C_LANGUAGE_STANDARD = gnu17;
				GCC_DYNAMIC_NO_PIC = NO;
				GCC_NO_COMMON_BLOCKS = YES;
				GCC_OPTIMIZATION_LEVEL = 0;
				GCC_PREPROCESSOR_DEFINITIONS = (
					"DEBUG=1",
					"$(inherited)",
				);
				GCC_WARN_64_TO_32_BIT_CONVERSION = YES;
				GCC_WARN_ABOUT_RETURN_TYPE = YES_ERROR;
				GCC_WARN_UNDECLARED_SELECTOR = YES;
				GCC_WARN_UNINITIALIZED_AUTOS = YES_AGGRESSIVE;
				GCC_WARN_UNUSED_FUNCTION = YES;
				GCC_WARN_UNUSED_VARIABLE = YES;
				IPHONEOS_DEPLOYMENT_TARGET = 18.5;
				LOCALIZATION_PREFERS_STRING_CATALOGS = YES;
				MTL_ENABLE_DEBUG_INFO = INCLUDE_SOURCE;
				MTL_FAST_MATH = YES;
				ONLY_ACTIVE_ARCH = YES;
				SDKROOT = iphoneos;
				SWIFT_ACTIVE_COMPILATION_CONDITIONS = "DEBUG $(inherited)";
				SWIFT_OPTIMIZATION_LEVEL = "-Onone";
			};
			name = Debug;
		};
		68490F582E40ABAB0032F55B /* Release */ = {
			isa = XCBuildConfiguration;
			buildSettings = {
				ALWAYS_SEARCH_USER_PATHS = NO;
				ASSETCATALOG_COMPILER_GENERATE_SWIFT_ASSET_SYMBOL_EXTENSIONS = YES;
				CLANG_ANALYZER_NONNULL = YES;
				CLANG_ANALYZER_NUMBER_OBJECT_CONVERSION = YES_AGGRESSIVE;
				CLANG_CXX_LANGUAGE_STANDARD = "gnu++20";
				CLANG_ENABLE_MODULES = YES;
				CLANG_ENABLE_OBJC_ARC = YES;
				CLANG_ENABLE_OBJC_WEAK = YES;
				CLANG_WARN_BLOCK_CAPTURE_AUTORELEASING = YES;
				CLANG_WARN_BOOL_CONVERSION = YES;
				CLANG_WARN_COMMA = YES;
				CLANG_WARN_CONSTANT_CONVERSION = YES;
				CLANG_WARN_DEPRECATED_OBJC_IMPLEMENTATIONS = YES;
				CLANG_WARN_DIRECT_OBJC_ISA_USAGE = YES_ERROR;
				CLANG_WARN_DOCUMENTATION_COMMENTS = YES;
				CLANG_WARN_EMPTY_BODY = YES;
				CLANG_WARN_ENUM_CONVERSION = YES;
				CLANG_WARN_INFINITE_RECURSION = YES;
				CLANG_WARN_INT_CONVERSION = YES;
				CLANG_WARN_NON_LITERAL_NULL_CONVERSION = YES;
				CLANG_WARN_OBJC_IMPLICIT_RETAIN_SELF = YES;
				CLANG_WARN_OBJC_LITERAL_CONVERSION = YES;
				CLANG_WARN_OBJC_ROOT_CLASS = YES_ERROR;
				CLANG_WARN_QUOTED_INCLUDE_IN_FRAMEWORK_HEADER = YES;
				CLANG_WARN_RANGE_LOOP_ANALYSIS = YES;
				CLANG_WARN_STRICT_PROTOTYPES = YES;
				CLANG_WARN_SUSPICIOUS_MOVE = YES;
				CLANG_WARN_UNGUARDED_AVAILABILITY = YES_AGGRESSIVE;
				CLANG_WARN_UNREACHABLE_CODE = YES;
				CLANG_WARN__DUPLICATE_METHOD_MATCH = YES;
				COPY_PHASE_STRIP = NO;
				DEBUG_INFORMATION_FORMAT = "dwarf-with-dsym";
				ENABLE_NS_ASSERTIONS = NO;
				ENABLE_STRICT_OBJC_MSGSEND = YES;
				ENABLE_USER_SCRIPT_SANDBOXING = YES;
				GCC_C_LANGUAGE_STANDARD = gnu17;
				GCC_NO_COMMON_BLOCKS = YES;
				GCC_WARN_64_TO_32_BIT_CONVERSION = YES;
				GCC_WARN_ABOUT_RETURN_TYPE = YES_ERROR;
				GCC_WARN_UNDECLARED_SELECTOR = YES;
				GCC_WARN_UNINITIALIZED_AUTOS = YES_AGGRESSIVE;
				GCC_WARN_UNUSED_FUNCTION = YES;
				GCC_WARN_UNUSED_VARIABLE = YES;
				IPHONEOS_DEPLOYMENT_TARGET = 18.5;
				LOCALIZATION_PREFERS_STRING_CATALOGS = YES;
				MTL_ENABLE_DEBUG_INFO = NO;
				MTL_FAST_MATH = YES;
				SDKROOT = iphoneos;
				SWIFT_COMPILATION_MODE = wholemodule;
				VALIDATE_PRODUCT = YES;
			};
			name = Release;
		};
		68490F5A2E40ABAB0032F55B /* Debug */ = {
			isa = XCBuildConfiguration;
			buildSettings = {
				ASSETCATALOG_COMPILER_APPICON_NAME = AppIcon;
				ASSETCATALOG_COMPILER_GLOBAL_ACCENT_COLOR_NAME = AccentColor;
				CODE_SIGN_ENTITLEMENTS = PGEase/PGEase.entitlements;
				CODE_SIGN_STYLE = Automatic;
				CURRENT_PROJECT_VERSION = 1;
				DEVELOPMENT_TEAM = 9CL2E5J368;
				ENABLE_PREVIEWS = YES;
				GENERATE_INFOPLIST_FILE = YES;
				INFOPLIST_FILE = PGEase/Info.plist;
				INFOPLIST_KEY_NFCReaderUsageDescription = "This app needs NFC access to read and write NFC tags for check-in and data management.";
				INFOPLIST_KEY_NSCameraUsageDescription = "Camera need to scan qrcode and capture photo";
				INFOPLIST_KEY_NSFaceIDUsageDescription = "This app uses Face ID to securely authenticate users and protect their data.";
				INFOPLIST_KEY_UIApplicationSceneManifest_Generation = YES;
				INFOPLIST_KEY_UIApplicationSupportsIndirectInputEvents = YES;
				INFOPLIST_KEY_UILaunchScreen_Generation = YES;
				INFOPLIST_KEY_UISupportedInterfaceOrientations_iPad = "UIInterfaceOrientationPortrait UIInterfaceOrientationPortraitUpsideDown UIInterfaceOrientationLandscapeLeft UIInterfaceOrientationLandscapeRight";
				INFOPLIST_KEY_UISupportedInterfaceOrientations_iPhone = "UIInterfaceOrientationPortrait UIInterfaceOrientationLandscapeLeft UIInterfaceOrientationLandscapeRight";
				INFOPLIST_KEY_com_apple_developer_nfc_readersession_formats = NDEF;
				LD_RUNPATH_SEARCH_PATHS = (
					"$(inherited)",
					"@executable_path/Frameworks",
				);
				MARKETING_VERSION = 1.0;
				PRODUCT_BUNDLE_IDENTIFIER = com.codeflair.PGEase;
				PRODUCT_NAME = "$(TARGET_NAME)";
				SWIFT_EMIT_LOC_STRINGS = YES;
				SWIFT_VERSION = 5.0;
				TARGETED_DEVICE_FAMILY = "1,2";
			};
			name = Debug;
		};
		68490F5B2E40ABAB0032F55B /* Release */ = {
			isa = XCBuildConfiguration;
			buildSettings = {
				ASSETCATALOG_COMPILER_APPICON_NAME = AppIcon;
				ASSETCATALOG_COMPILER_GLOBAL_ACCENT_COLOR_NAME = AccentColor;
				CODE_SIGN_ENTITLEMENTS = PGEase/PGEase.entitlements;
				CODE_SIGN_STYLE = Automatic;
				CURRENT_PROJECT_VERSION = 1;
				DEVELOPMENT_TEAM = 9CL2E5J368;
				ENABLE_PREVIEWS = YES;
				GENERATE_INFOPLIST_FILE = YES;
				INFOPLIST_FILE = PGEase/Info.plist;
				INFOPLIST_KEY_NFCReaderUsageDescription = "This app needs NFC access to read and write NFC tags for check-in and data management.";
				INFOPLIST_KEY_NSCameraUsageDescription = "Camera need to scan qrcode and capture photo";
				INFOPLIST_KEY_NSFaceIDUsageDescription = "This app uses Face ID to securely authenticate users and protect their data.";
				INFOPLIST_KEY_UIApplicationSceneManifest_Generation = YES;
				INFOPLIST_KEY_UIApplicationSupportsIndirectInputEvents = YES;
				INFOPLIST_KEY_UILaunchScreen_Generation = YES;
				INFOPLIST_KEY_UISupportedInterfaceOrientations_iPad = "UIInterfaceOrientationPortrait UIInterfaceOrientationPortraitUpsideDown UIInterfaceOrientationLandscapeLeft UIInterfaceOrientationLandscapeRight";
				INFOPLIST_KEY_UISupportedInterfaceOrientations_iPhone = "UIInterfaceOrientationPortrait UIInterfaceOrientationLandscapeLeft UIInterfaceOrientationLandscapeRight";
				INFOPLIST_KEY_com_apple_developer_nfc_readersession_formats = NDEF;
				LD_RUNPATH_SEARCH_PATHS = (
					"$(inherited)",
					"@executable_path/Frameworks",
				);
				MARKETING_VERSION = 1.0;
				PRODUCT_BUNDLE_IDENTIFIER = com.codeflair.PGEase;
				PRODUCT_NAME = "$(TARGET_NAME)";
				SWIFT_EMIT_LOC_STRINGS = YES;
				SWIFT_VERSION = 5.0;
				TARGETED_DEVICE_FAMILY = "1,2";
			};
			name = Release;
		};
		68490F5D2E40ABAB0032F55B /* Debug */ = {
			isa = XCBuildConfiguration;
			buildSettings = {
				BUNDLE_LOADER = "$(TEST_HOST)";
				CODE_SIGN_STYLE = Automatic;
				CURRENT_PROJECT_VERSION = 1;
				GENERATE_INFOPLIST_FILE = YES;
				IPHONEOS_DEPLOYMENT_TARGET = 18.5;
				MARKETING_VERSION = 1.0;
				PRODUCT_BUNDLE_IDENTIFIER = com.codeflair.PGEaseTests;
				PRODUCT_NAME = "$(TARGET_NAME)";
				SWIFT_EMIT_LOC_STRINGS = NO;
				SWIFT_VERSION = 5.0;
				TARGETED_DEVICE_FAMILY = "1,2";
				TEST_HOST = "$(BUILT_PRODUCTS_DIR)/PGEase.app/$(BUNDLE_EXECUTABLE_FOLDER_PATH)/PGEase";
			};
			name = Debug;
		};
		68490F5E2E40ABAB0032F55B /* Release */ = {
			isa = XCBuildConfiguration;
			buildSettings = {
				BUNDLE_LOADER = "$(TEST_HOST)";
				CODE_SIGN_STYLE = Automatic;
				CURRENT_PROJECT_VERSION = 1;
				GENERATE_INFOPLIST_FILE = YES;
				IPHONEOS_DEPLOYMENT_TARGET = 18.5;
				MARKETING_VERSION = 1.0;
				PRODUCT_BUNDLE_IDENTIFIER = com.codeflair.PGEaseTests;
				PRODUCT_NAME = "$(TARGET_NAME)";
				SWIFT_EMIT_LOC_STRINGS = NO;
				SWIFT_VERSION = 5.0;
				TARGETED_DEVICE_FAMILY = "1,2";
				TEST_HOST = "$(BUILT_PRODUCTS_DIR)/PGEase.app/$(BUNDLE_EXECUTABLE_FOLDER_PATH)/PGEase";
			};
			name = Release;
		};
		68490F602E40ABAB0032F55B /* Debug */ = {
			isa = XCBuildConfiguration;
			buildSettings = {
				CODE_SIGN_STYLE = Automatic;
				CURRENT_PROJECT_VERSION = 1;
				GENERATE_INFOPLIST_FILE = YES;
				MARKETING_VERSION = 1.0;
				PRODUCT_BUNDLE_IDENTIFIER = com.codeflair.PGEaseUITests;
				PRODUCT_NAME = "$(TARGET_NAME)";
				SWIFT_EMIT_LOC_STRINGS = NO;
				SWIFT_VERSION = 5.0;
				TARGETED_DEVICE_FAMILY = "1,2";
				TEST_TARGET_NAME = PGEase;
			};
			name = Debug;
		};
		68490F612E40ABAB0032F55B /* Release */ = {
			isa = XCBuildConfiguration;
			buildSettings = {
				CODE_SIGN_STYLE = Automatic;
				CURRENT_PROJECT_VERSION = 1;
				GENERATE_INFOPLIST_FILE = YES;
				MARKETING_VERSION = 1.0;
				PRODUCT_BUNDLE_IDENTIFIER = com.codeflair.PGEaseUITests;
				PRODUCT_NAME = "$(TARGET_NAME)";
				SWIFT_EMIT_LOC_STRINGS = NO;
				SWIFT_VERSION = 5.0;
				TARGETED_DEVICE_FAMILY = "1,2";
				TEST_TARGET_NAME = PGEase;
			};
			name = Release;
		};
/* End XCBuildConfiguration section */

/* Begin XCConfigurationList section */
		68490F332E40ABA90032F55B /* Build configuration list for PBXProject "PGEase" */ = {
			isa = XCConfigurationList;
			buildConfigurations = (
				68490F572E40ABAB0032F55B /* Debug */,
				68490F582E40ABAB0032F55B /* Release */,
			);
			defaultConfigurationIsVisible = 0;
			defaultConfigurationName = Release;
		};
		68490F592E40ABAB0032F55B /* Build configuration list for PBXNativeTarget "PGEase" */ = {
			isa = XCConfigurationList;
			buildConfigurations = (
				68490F5A2E40ABAB0032F55B /* Debug */,
				68490F5B2E40ABAB0032F55B /* Release */,
			);
			defaultConfigurationIsVisible = 0;
			defaultConfigurationName = Release;
		};
		68490F5C2E40ABAB0032F55B /* Build configuration list for PBXNativeTarget "PGEaseTests" */ = {
			isa = XCConfigurationList;
			buildConfigurations = (
				68490F5D2E40ABAB0032F55B /* Debug */,
				68490F5E2E40ABAB0032F55B /* Release */,
			);
			defaultConfigurationIsVisible = 0;
			defaultConfigurationName = Release;
		};
		68490F5F2E40ABAB0032F55B /* Build configuration list for PBXNativeTarget "PGEaseUITests" */ = {
			isa = XCConfigurationList;
			buildConfigurations = (
				68490F602E40ABAB0032F55B /* Debug */,
				68490F612E40ABAB0032F55B /* Release */,
			);
			defaultConfigurationIsVisible = 0;
			defaultConfigurationName = Release;
		};
/* End XCConfigurationList section */
	};
	rootObject = 68490F302E40ABA90032F55B /* Project object */;
}
